
Microsoft Visual Studio Solution File, Format Version 12.00
# Visual Studio 15
VisualStudioVersion = 15.0.26730.16
MinimumVisualStudioVersion = 10.0.40219.1
Project("{FAE04EC0-301F-11D3-BF4B-00C04F79EFBC}") = "Cinelovers", "Cinelovers\Cinelovers.csproj", "{A321080E-C732-4968-A7EC-63849ECD807B}"
EndProject
Project("{FAE04EC0-301F-11D3-BF4B-00C04F79EFBC}") = "Cinelovers.Android", "Cinelovers.Android\Cinelovers.Android.csproj", "{38587047-E671-4ACC-8938-587737CA8D16}"
EndProject
Project("{FAE04EC0-301F-11D3-BF4B-00C04F79EFBC}") = "Cinelovers.iOS", "Cinelovers.iOS\Cinelovers.iOS.csproj", "{90CEF083-6EBF-42FB-AA28-DCF4E9CAFD4A}"
EndProject
Project("{FAE04EC0-301F-11D3-BF4B-00C04F79EFBC}") = "Cinelovers.UWP", "Cinelovers.UWP\Cinelovers.UWP.csproj", "{43A64A21-F9BE-4E5C-881F-69D1E41ADAB8}"
EndProject
Project("{FAE04EC0-301F-11D3-BF4B-00C04F79EFBC}") = "Cinelovers.Infrastructure", "Cinelovers.Infrastructure\Cinelovers.Infrastructure.csproj", "{196A9B35-29E8-4E43-939C-9B5E8DE01D79}"
EndProject
Project("{FAE04EC0-301F-11D3-BF4B-00C04F79EFBC}") = "Cinelovers.ViewModels", "Cinelovers.ViewModels\Cinelovers.ViewModels.csproj", "{ED4BC787-E909-49E3-8053-7CC5262E2B8B}"
EndProject
Project("{2150E333-8FDC-42A3-9474-1A3956D46DE8}") = "Targets", "Targets", "{7899A987-D595-4B4F-8A85-6C34071501B0}"
EndProject
Project("{2150E333-8FDC-42A3-9474-1A3956D46DE8}") = "Tests", "Tests", "{EB949F87-9E24-4F77-BF4E-F0F9862C2E54}"
EndProject
Project("{FAE04EC0-301F-11D3-BF4B-00C04F79EFBC}") = "Cinelovers.Core", "Cinelovers.Core\Cinelovers.Core.csproj", "{696940B0-0661-4CDD-9A48-4FE5606F0333}"
EndProject
Project("{FAE04EC0-301F-11D3-BF4B-00C04F79EFBC}") = "Cinelovers.ViewModels.UnitTests", "Cinelovers.ViewModels.UnitTests\Cinelovers.ViewModels.UnitTests.csproj", "{CE294A3D-6486-4165-B39E-A3052C205272}"
EndProject
Project("{FAE04EC0-301F-11D3-BF4B-00C04F79EFBC}") = "Cinelovers.Core.UnitTests", "Cinelovers.Core.UnitTests\Cinelovers.Core.UnitTests.csproj", "{16A4DE6C-AD19-418A-8787-52A068998C0C}"
EndProject
Project("{FAE04EC0-301F-11D3-BF4B-00C04F79EFBC}") = "Cinelovers.Infrastructure.UnitTests", "Cinelovers.Infrastructure.UnitTests\Cinelovers.Infrastructure.UnitTests.csproj", "{CD3B26D1-3C01-4D07-80A8-477FF34FC04F}"
EndProject
Global
	GlobalSection(SolutionConfigurationPlatforms) = preSolution
		Ad-Hoc|Any CPU = Ad-Hoc|Any CPU
		Ad-Hoc|ARM = Ad-Hoc|ARM
		Ad-Hoc|iPhone = Ad-Hoc|iPhone
		Ad-Hoc|iPhoneSimulator = Ad-Hoc|iPhoneSimulator
		Ad-Hoc|x64 = Ad-Hoc|x64
		Ad-Hoc|x86 = Ad-Hoc|x86
		AppStore|Any CPU = AppStore|Any CPU
		AppStore|ARM = AppStore|ARM
		AppStore|iPhone = AppStore|iPhone
		AppStore|iPhoneSimulator = AppStore|iPhoneSimulator
		AppStore|x64 = AppStore|x64
		AppStore|x86 = AppStore|x86
		Debug|Any CPU = Debug|Any CPU
		Debug|ARM = Debug|ARM
		Debug|iPhone = Debug|iPhone
		Debug|iPhoneSimulator = Debug|iPhoneSimulator
		Debug|x64 = Debug|x64
		Debug|x86 = Debug|x86
		Release|Any CPU = Release|Any CPU
		Release|ARM = Release|ARM
		Release|iPhone = Release|iPhone
		Release|iPhoneSimulator = Release|iPhoneSimulator
		Release|x64 = Release|x64
		Release|x86 = Release|x86
	EndGlobalSection
	GlobalSection(ProjectConfigurationPlatforms) = postSolution
		{A321080E-C732-4968-A7EC-63849ECD807B}.Ad-Hoc|Any CPU.ActiveCfg = Release|Any CPU
		{A321080E-C732-4968-A7EC-63849ECD807B}.Ad-Hoc|Any CPU.Build.0 = Release|Any CPU
		{A321080E-C732-4968-A7EC-63849ECD807B}.Ad-Hoc|ARM.ActiveCfg = Release|Any CPU
		{A321080E-C732-4968-A7EC-63849ECD807B}.Ad-Hoc|ARM.Build.0 = Release|Any CPU
		{A321080E-C732-4968-A7EC-63849ECD807B}.Ad-Hoc|iPhone.ActiveCfg = Release|Any CPU
		{A321080E-C732-4968-A7EC-63849ECD807B}.Ad-Hoc|iPhone.Build.0 = Release|Any CPU
		{A321080E-C732-4968-A7EC-63849ECD807B}.Ad-Hoc|iPhoneSimulator.ActiveCfg = Release|Any CPU
		{A321080E-C732-4968-A7EC-63849ECD807B}.Ad-Hoc|iPhoneSimulator.Build.0 = Release|Any CPU
		{A321080E-C732-4968-A7EC-63849ECD807B}.Ad-Hoc|x64.ActiveCfg = Release|Any CPU
		{A321080E-C732-4968-A7EC-63849ECD807B}.Ad-Hoc|x64.Build.0 = Release|Any CPU
		{A321080E-C732-4968-A7EC-63849ECD807B}.Ad-Hoc|x86.ActiveCfg = Release|Any CPU
		{A321080E-C732-4968-A7EC-63849ECD807B}.Ad-Hoc|x86.Build.0 = Release|Any CPU
		{A321080E-C732-4968-A7EC-63849ECD807B}.AppStore|Any CPU.ActiveCfg = Release|Any CPU
		{A321080E-C732-4968-A7EC-63849ECD807B}.AppStore|Any CPU.Build.0 = Release|Any CPU
		{A321080E-C732-4968-A7EC-63849ECD807B}.AppStore|ARM.ActiveCfg = Release|Any CPU
		{A321080E-C732-4968-A7EC-63849ECD807B}.AppStore|ARM.Build.0 = Release|Any CPU
		{A321080E-C732-4968-A7EC-63849ECD807B}.AppStore|iPhone.ActiveCfg = Release|Any CPU
		{A321080E-C732-4968-A7EC-63849ECD807B}.AppStore|iPhone.Build.0 = Release|Any CPU
		{A321080E-C732-4968-A7EC-63849ECD807B}.AppStore|iPhoneSimulator.ActiveCfg = Release|Any CPU
		{A321080E-C732-4968-A7EC-63849ECD807B}.AppStore|iPhoneSimulator.Build.0 = Release|Any CPU
		{A321080E-C732-4968-A7EC-63849ECD807B}.AppStore|x64.ActiveCfg = Release|Any CPU
		{A321080E-C732-4968-A7EC-63849ECD807B}.AppStore|x64.Build.0 = Release|Any CPU
		{A321080E-C732-4968-A7EC-63849ECD807B}.AppStore|x86.ActiveCfg = Release|Any CPU
		{A321080E-C732-4968-A7EC-63849ECD807B}.AppStore|x86.Build.0 = Release|Any CPU
		{A321080E-C732-4968-A7EC-63849ECD807B}.Debug|Any CPU.ActiveCfg = Debug|Any CPU
		{A321080E-C732-4968-A7EC-63849ECD807B}.Debug|Any CPU.Build.0 = Debug|Any CPU
		{A321080E-C732-4968-A7EC-63849ECD807B}.Debug|ARM.ActiveCfg = Debug|Any CPU
		{A321080E-C732-4968-A7EC-63849ECD807B}.Debug|ARM.Build.0 = Debug|Any CPU
		{A321080E-C732-4968-A7EC-63849ECD807B}.Debug|iPhone.ActiveCfg = Debug|Any CPU
		{A321080E-C732-4968-A7EC-63849ECD807B}.Debug|iPhone.Build.0 = Debug|Any CPU
		{A321080E-C732-4968-A7EC-63849ECD807B}.Debug|iPhoneSimulator.ActiveCfg = Debug|Any CPU
		{A321080E-C732-4968-A7EC-63849ECD807B}.Debug|iPhoneSimulator.Build.0 = Debug|Any CPU
		{A321080E-C732-4968-A7EC-63849ECD807B}.Debug|x64.ActiveCfg = Debug|Any CPU
		{A321080E-C732-4968-A7EC-63849ECD807B}.Debug|x64.Build.0 = Debug|Any CPU
		{A321080E-C732-4968-A7EC-63849ECD807B}.Debug|x86.ActiveCfg = Debug|Any CPU
		{A321080E-C732-4968-A7EC-63849ECD807B}.Debug|x86.Build.0 = Debug|Any CPU
		{A321080E-C732-4968-A7EC-63849ECD807B}.Release|Any CPU.ActiveCfg = Release|Any CPU
		{A321080E-C732-4968-A7EC-63849ECD807B}.Release|Any CPU.Build.0 = Release|Any CPU
		{A321080E-C732-4968-A7EC-63849ECD807B}.Release|ARM.ActiveCfg = Release|Any CPU
		{A321080E-C732-4968-A7EC-63849ECD807B}.Release|ARM.Build.0 = Release|Any CPU
		{A321080E-C732-4968-A7EC-63849ECD807B}.Release|iPhone.ActiveCfg = Release|Any CPU
		{A321080E-C732-4968-A7EC-63849ECD807B}.Release|iPhone.Build.0 = Release|Any CPU
		{A321080E-C732-4968-A7EC-63849ECD807B}.Release|iPhoneSimulator.ActiveCfg = Release|Any CPU
		{A321080E-C732-4968-A7EC-63849ECD807B}.Release|iPhoneSimulator.Build.0 = Release|Any CPU
		{A321080E-C732-4968-A7EC-63849ECD807B}.Release|x64.ActiveCfg = Release|Any CPU
		{A321080E-C732-4968-A7EC-63849ECD807B}.Release|x64.Build.0 = Release|Any CPU
		{A321080E-C732-4968-A7EC-63849ECD807B}.Release|x86.ActiveCfg = Release|Any CPU
		{A321080E-C732-4968-A7EC-63849ECD807B}.Release|x86.Build.0 = Release|Any CPU
		{38587047-E671-4ACC-8938-587737CA8D16}.Ad-Hoc|Any CPU.ActiveCfg = Release|Any CPU
		{38587047-E671-4ACC-8938-587737CA8D16}.Ad-Hoc|Any CPU.Build.0 = Release|Any CPU
		{38587047-E671-4ACC-8938-587737CA8D16}.Ad-Hoc|Any CPU.Deploy.0 = Release|Any CPU
		{38587047-E671-4ACC-8938-587737CA8D16}.Ad-Hoc|ARM.ActiveCfg = Release|Any CPU
		{38587047-E671-4ACC-8938-587737CA8D16}.Ad-Hoc|ARM.Build.0 = Release|Any CPU
		{38587047-E671-4ACC-8938-587737CA8D16}.Ad-Hoc|ARM.Deploy.0 = Release|Any CPU
		{38587047-E671-4ACC-8938-587737CA8D16}.Ad-Hoc|iPhone.ActiveCfg = Release|Any CPU
		{38587047-E671-4ACC-8938-587737CA8D16}.Ad-Hoc|iPhone.Build.0 = Release|Any CPU
		{38587047-E671-4ACC-8938-587737CA8D16}.Ad-Hoc|iPhone.Deploy.0 = Release|Any CPU
		{38587047-E671-4ACC-8938-587737CA8D16}.Ad-Hoc|iPhoneSimulator.ActiveCfg = Release|Any CPU
		{38587047-E671-4ACC-8938-587737CA8D16}.Ad-Hoc|iPhoneSimulator.Build.0 = Release|Any CPU
		{38587047-E671-4ACC-8938-587737CA8D16}.Ad-Hoc|iPhoneSimulator.Deploy.0 = Release|Any CPU
		{38587047-E671-4ACC-8938-587737CA8D16}.Ad-Hoc|x64.ActiveCfg = Release|Any CPU
		{38587047-E671-4ACC-8938-587737CA8D16}.Ad-Hoc|x64.Build.0 = Release|Any CPU
		{38587047-E671-4ACC-8938-587737CA8D16}.Ad-Hoc|x64.Deploy.0 = Release|Any CPU
		{38587047-E671-4ACC-8938-587737CA8D16}.Ad-Hoc|x86.ActiveCfg = Release|Any CPU
		{38587047-E671-4ACC-8938-587737CA8D16}.Ad-Hoc|x86.Build.0 = Release|Any CPU
		{38587047-E671-4ACC-8938-587737CA8D16}.Ad-Hoc|x86.Deploy.0 = Release|Any CPU
		{38587047-E671-4ACC-8938-587737CA8D16}.AppStore|Any CPU.ActiveCfg = Release|Any CPU
		{38587047-E671-4ACC-8938-587737CA8D16}.AppStore|Any CPU.Build.0 = Release|Any CPU
		{38587047-E671-4ACC-8938-587737CA8D16}.AppStore|Any CPU.Deploy.0 = Release|Any CPU
		{38587047-E671-4ACC-8938-587737CA8D16}.AppStore|ARM.ActiveCfg = Release|Any CPU
		{38587047-E671-4ACC-8938-587737CA8D16}.AppStore|ARM.Build.0 = Release|Any CPU
		{38587047-E671-4ACC-8938-587737CA8D16}.AppStore|ARM.Deploy.0 = Release|Any CPU
		{38587047-E671-4ACC-8938-587737CA8D16}.AppStore|iPhone.ActiveCfg = Release|Any CPU
		{38587047-E671-4ACC-8938-587737CA8D16}.AppStore|iPhone.Build.0 = Release|Any CPU
		{38587047-E671-4ACC-8938-587737CA8D16}.AppStore|iPhone.Deploy.0 = Release|Any CPU
		{38587047-E671-4ACC-8938-587737CA8D16}.AppStore|iPhoneSimulator.ActiveCfg = Release|Any CPU
		{38587047-E671-4ACC-8938-587737CA8D16}.AppStore|iPhoneSimulator.Build.0 = Release|Any CPU
		{38587047-E671-4ACC-8938-587737CA8D16}.AppStore|iPhoneSimulator.Deploy.0 = Release|Any CPU
		{38587047-E671-4ACC-8938-587737CA8D16}.AppStore|x64.ActiveCfg = Release|Any CPU
		{38587047-E671-4ACC-8938-587737CA8D16}.AppStore|x64.Build.0 = Release|Any CPU
		{38587047-E671-4ACC-8938-587737CA8D16}.AppStore|x64.Deploy.0 = Release|Any CPU
		{38587047-E671-4ACC-8938-587737CA8D16}.AppStore|x86.ActiveCfg = Release|Any CPU
		{38587047-E671-4ACC-8938-587737CA8D16}.AppStore|x86.Build.0 = Release|Any CPU
		{38587047-E671-4ACC-8938-587737CA8D16}.AppStore|x86.Deploy.0 = Release|Any CPU
		{38587047-E671-4ACC-8938-587737CA8D16}.Debug|Any CPU.ActiveCfg = Debug|Any CPU
		{38587047-E671-4ACC-8938-587737CA8D16}.Debug|Any CPU.Build.0 = Debug|Any CPU
		{38587047-E671-4ACC-8938-587737CA8D16}.Debug|Any CPU.Deploy.0 = Debug|Any CPU
		{38587047-E671-4ACC-8938-587737CA8D16}.Debug|ARM.ActiveCfg = Debug|Any CPU
		{38587047-E671-4ACC-8938-587737CA8D16}.Debug|ARM.Build.0 = Debug|Any CPU
		{38587047-E671-4ACC-8938-587737CA8D16}.Debug|ARM.Deploy.0 = Debug|Any CPU
		{38587047-E671-4ACC-8938-587737CA8D16}.Debug|iPhone.ActiveCfg = Debug|Any CPU
		{38587047-E671-4ACC-8938-587737CA8D16}.Debug|iPhone.Build.0 = Debug|Any CPU
		{38587047-E671-4ACC-8938-587737CA8D16}.Debug|iPhone.Deploy.0 = Debug|Any CPU
		{38587047-E671-4ACC-8938-587737CA8D16}.Debug|iPhoneSimulator.ActiveCfg = Debug|Any CPU
		{38587047-E671-4ACC-8938-587737CA8D16}.Debug|iPhoneSimulator.Build.0 = Debug|Any CPU
		{38587047-E671-4ACC-8938-587737CA8D16}.Debug|iPhoneSimulator.Deploy.0 = Debug|Any CPU
		{38587047-E671-4ACC-8938-587737CA8D16}.Debug|x64.ActiveCfg = Debug|Any CPU
		{38587047-E671-4ACC-8938-587737CA8D16}.Debug|x64.Build.0 = Debug|Any CPU
		{38587047-E671-4ACC-8938-587737CA8D16}.Debug|x64.Deploy.0 = Debug|Any CPU
		{38587047-E671-4ACC-8938-587737CA8D16}.Debug|x86.ActiveCfg = Debug|Any CPU
		{38587047-E671-4ACC-8938-587737CA8D16}.Debug|x86.Build.0 = Debug|Any CPU
		{38587047-E671-4ACC-8938-587737CA8D16}.Debug|x86.Deploy.0 = Debug|Any CPU
		{38587047-E671-4ACC-8938-587737CA8D16}.Release|Any CPU.ActiveCfg = Release|Any CPU
		{38587047-E671-4ACC-8938-587737CA8D16}.Release|Any CPU.Build.0 = Release|Any CPU
		{38587047-E671-4ACC-8938-587737CA8D16}.Release|Any CPU.Deploy.0 = Release|Any CPU
		{38587047-E671-4ACC-8938-587737CA8D16}.Release|ARM.ActiveCfg = Release|Any CPU
		{38587047-E671-4ACC-8938-587737CA8D16}.Release|ARM.Build.0 = Release|Any CPU
		{38587047-E671-4ACC-8938-587737CA8D16}.Release|ARM.Deploy.0 = Release|Any CPU
		{38587047-E671-4ACC-8938-587737CA8D16}.Release|iPhone.ActiveCfg = Release|Any CPU
		{38587047-E671-4ACC-8938-587737CA8D16}.Release|iPhone.Build.0 = Release|Any CPU
		{38587047-E671-4ACC-8938-587737CA8D16}.Release|iPhone.Deploy.0 = Release|Any CPU
		{38587047-E671-4ACC-8938-587737CA8D16}.Release|iPhoneSimulator.ActiveCfg = Release|Any CPU
		{38587047-E671-4ACC-8938-587737CA8D16}.Release|iPhoneSimulator.Build.0 = Release|Any CPU
		{38587047-E671-4ACC-8938-587737CA8D16}.Release|iPhoneSimulator.Deploy.0 = Release|Any CPU
		{38587047-E671-4ACC-8938-587737CA8D16}.Release|x64.ActiveCfg = Release|Any CPU
		{38587047-E671-4ACC-8938-587737CA8D16}.Release|x64.Build.0 = Release|Any CPU
		{38587047-E671-4ACC-8938-587737CA8D16}.Release|x64.Deploy.0 = Release|Any CPU
		{38587047-E671-4ACC-8938-587737CA8D16}.Release|x86.ActiveCfg = Release|Any CPU
		{38587047-E671-4ACC-8938-587737CA8D16}.Release|x86.Build.0 = Release|Any CPU
		{38587047-E671-4ACC-8938-587737CA8D16}.Release|x86.Deploy.0 = Release|Any CPU
		{90CEF083-6EBF-42FB-AA28-DCF4E9CAFD4A}.Ad-Hoc|Any CPU.ActiveCfg = Ad-Hoc|iPhone
		{90CEF083-6EBF-42FB-AA28-DCF4E9CAFD4A}.Ad-Hoc|ARM.ActiveCfg = Ad-Hoc|iPhone
		{90CEF083-6EBF-42FB-AA28-DCF4E9CAFD4A}.Ad-Hoc|iPhone.ActiveCfg = Ad-Hoc|iPhone
		{90CEF083-6EBF-42FB-AA28-DCF4E9CAFD4A}.Ad-Hoc|iPhone.Build.0 = Ad-Hoc|iPhone
		{90CEF083-6EBF-42FB-AA28-DCF4E9CAFD4A}.Ad-Hoc|iPhoneSimulator.ActiveCfg = Ad-Hoc|iPhoneSimulator
		{90CEF083-6EBF-42FB-AA28-DCF4E9CAFD4A}.Ad-Hoc|iPhoneSimulator.Build.0 = Ad-Hoc|iPhoneSimulator
		{90CEF083-6EBF-42FB-AA28-DCF4E9CAFD4A}.Ad-Hoc|x64.ActiveCfg = Ad-Hoc|iPhone
		{90CEF083-6EBF-42FB-AA28-DCF4E9CAFD4A}.Ad-Hoc|x86.ActiveCfg = Ad-Hoc|iPhone
		{90CEF083-6EBF-42FB-AA28-DCF4E9CAFD4A}.AppStore|Any CPU.ActiveCfg = AppStore|iPhone
		{90CEF083-6EBF-42FB-AA28-DCF4E9CAFD4A}.AppStore|ARM.ActiveCfg = AppStore|iPhone
		{90CEF083-6EBF-42FB-AA28-DCF4E9CAFD4A}.AppStore|iPhone.ActiveCfg = AppStore|iPhone
		{90CEF083-6EBF-42FB-AA28-DCF4E9CAFD4A}.AppStore|iPhone.Build.0 = AppStore|iPhone
		{90CEF083-6EBF-42FB-AA28-DCF4E9CAFD4A}.AppStore|iPhoneSimulator.ActiveCfg = AppStore|iPhoneSimulator
		{90CEF083-6EBF-42FB-AA28-DCF4E9CAFD4A}.AppStore|iPhoneSimulator.Build.0 = AppStore|iPhoneSimulator
		{90CEF083-6EBF-42FB-AA28-DCF4E9CAFD4A}.AppStore|x64.ActiveCfg = AppStore|iPhone
		{90CEF083-6EBF-42FB-AA28-DCF4E9CAFD4A}.AppStore|x86.ActiveCfg = AppStore|iPhone
		{90CEF083-6EBF-42FB-AA28-DCF4E9CAFD4A}.Debug|Any CPU.ActiveCfg = Debug|iPhone
		{90CEF083-6EBF-42FB-AA28-DCF4E9CAFD4A}.Debug|ARM.ActiveCfg = Debug|iPhone
		{90CEF083-6EBF-42FB-AA28-DCF4E9CAFD4A}.Debug|iPhone.ActiveCfg = Debug|iPhone
		{90CEF083-6EBF-42FB-AA28-DCF4E9CAFD4A}.Debug|iPhone.Build.0 = Debug|iPhone
		{90CEF083-6EBF-42FB-AA28-DCF4E9CAFD4A}.Debug|iPhoneSimulator.ActiveCfg = Debug|iPhoneSimulator
		{90CEF083-6EBF-42FB-AA28-DCF4E9CAFD4A}.Debug|iPhoneSimulator.Build.0 = Debug|iPhoneSimulator
		{90CEF083-6EBF-42FB-AA28-DCF4E9CAFD4A}.Debug|x64.ActiveCfg = Debug|iPhone
		{90CEF083-6EBF-42FB-AA28-DCF4E9CAFD4A}.Debug|x86.ActiveCfg = Debug|iPhone
		{90CEF083-6EBF-42FB-AA28-DCF4E9CAFD4A}.Release|Any CPU.ActiveCfg = Release|iPhone
		{90CEF083-6EBF-42FB-AA28-DCF4E9CAFD4A}.Release|ARM.ActiveCfg = Release|iPhone
		{90CEF083-6EBF-42FB-AA28-DCF4E9CAFD4A}.Release|iPhone.ActiveCfg = Release|iPhone
		{90CEF083-6EBF-42FB-AA28-DCF4E9CAFD4A}.Release|iPhone.Build.0 = Release|iPhone
		{90CEF083-6EBF-42FB-AA28-DCF4E9CAFD4A}.Release|iPhoneSimulator.ActiveCfg = Release|iPhoneSimulator
		{90CEF083-6EBF-42FB-AA28-DCF4E9CAFD4A}.Release|iPhoneSimulator.Build.0 = Release|iPhoneSimulator
		{90CEF083-6EBF-42FB-AA28-DCF4E9CAFD4A}.Release|x64.ActiveCfg = Release|iPhone
		{90CEF083-6EBF-42FB-AA28-DCF4E9CAFD4A}.Release|x86.ActiveCfg = Release|iPhone
		{43A64A21-F9BE-4E5C-881F-69D1E41ADAB8}.Ad-Hoc|Any CPU.ActiveCfg = Release|x86
		{43A64A21-F9BE-4E5C-881F-69D1E41ADAB8}.Ad-Hoc|Any CPU.Build.0 = Release|x86
		{43A64A21-F9BE-4E5C-881F-69D1E41ADAB8}.Ad-Hoc|Any CPU.Deploy.0 = Release|x86
		{43A64A21-F9BE-4E5C-881F-69D1E41ADAB8}.Ad-Hoc|ARM.ActiveCfg = Release|ARM
		{43A64A21-F9BE-4E5C-881F-69D1E41ADAB8}.Ad-Hoc|ARM.Build.0 = Release|ARM
		{43A64A21-F9BE-4E5C-881F-69D1E41ADAB8}.Ad-Hoc|ARM.Deploy.0 = Release|ARM
		{43A64A21-F9BE-4E5C-881F-69D1E41ADAB8}.Ad-Hoc|iPhone.ActiveCfg = Release|x86
		{43A64A21-F9BE-4E5C-881F-69D1E41ADAB8}.Ad-Hoc|iPhone.Build.0 = Release|x86
		{43A64A21-F9BE-4E5C-881F-69D1E41ADAB8}.Ad-Hoc|iPhone.Deploy.0 = Release|x86
		{43A64A21-F9BE-4E5C-881F-69D1E41ADAB8}.Ad-Hoc|iPhoneSimulator.ActiveCfg = Release|x86
		{43A64A21-F9BE-4E5C-881F-69D1E41ADAB8}.Ad-Hoc|iPhoneSimulator.Build.0 = Release|x86
		{43A64A21-F9BE-4E5C-881F-69D1E41ADAB8}.Ad-Hoc|iPhoneSimulator.Deploy.0 = Release|x86
		{43A64A21-F9BE-4E5C-881F-69D1E41ADAB8}.Ad-Hoc|x64.ActiveCfg = Release|x64
		{43A64A21-F9BE-4E5C-881F-69D1E41ADAB8}.Ad-Hoc|x64.Build.0 = Release|x64
		{43A64A21-F9BE-4E5C-881F-69D1E41ADAB8}.Ad-Hoc|x64.Deploy.0 = Release|x64
		{43A64A21-F9BE-4E5C-881F-69D1E41ADAB8}.Ad-Hoc|x86.ActiveCfg = Release|x86
		{43A64A21-F9BE-4E5C-881F-69D1E41ADAB8}.Ad-Hoc|x86.Build.0 = Release|x86
		{43A64A21-F9BE-4E5C-881F-69D1E41ADAB8}.Ad-Hoc|x86.Deploy.0 = Release|x86
		{43A64A21-F9BE-4E5C-881F-69D1E41ADAB8}.AppStore|Any CPU.ActiveCfg = Release|x86
		{43A64A21-F9BE-4E5C-881F-69D1E41ADAB8}.AppStore|Any CPU.Build.0 = Release|x86
		{43A64A21-F9BE-4E5C-881F-69D1E41ADAB8}.AppStore|Any CPU.Deploy.0 = Release|x86
		{43A64A21-F9BE-4E5C-881F-69D1E41ADAB8}.AppStore|ARM.ActiveCfg = Release|ARM
		{43A64A21-F9BE-4E5C-881F-69D1E41ADAB8}.AppStore|ARM.Build.0 = Release|ARM
		{43A64A21-F9BE-4E5C-881F-69D1E41ADAB8}.AppStore|ARM.Deploy.0 = Release|ARM
		{43A64A21-F9BE-4E5C-881F-69D1E41ADAB8}.AppStore|iPhone.ActiveCfg = Release|x86
		{43A64A21-F9BE-4E5C-881F-69D1E41ADAB8}.AppStore|iPhone.Build.0 = Release|x86
		{43A64A21-F9BE-4E5C-881F-69D1E41ADAB8}.AppStore|iPhone.Deploy.0 = Release|x86
		{43A64A21-F9BE-4E5C-881F-69D1E41ADAB8}.AppStore|iPhoneSimulator.ActiveCfg = Release|x86
		{43A64A21-F9BE-4E5C-881F-69D1E41ADAB8}.AppStore|iPhoneSimulator.Build.0 = Release|x86
		{43A64A21-F9BE-4E5C-881F-69D1E41ADAB8}.AppStore|iPhoneSimulator.Deploy.0 = Release|x86
		{43A64A21-F9BE-4E5C-881F-69D1E41ADAB8}.AppStore|x64.ActiveCfg = Release|x64
		{43A64A21-F9BE-4E5C-881F-69D1E41ADAB8}.AppStore|x64.Build.0 = Release|x64
		{43A64A21-F9BE-4E5C-881F-69D1E41ADAB8}.AppStore|x64.Deploy.0 = Release|x64
		{43A64A21-F9BE-4E5C-881F-69D1E41ADAB8}.AppStore|x86.ActiveCfg = Release|x86
		{43A64A21-F9BE-4E5C-881F-69D1E41ADAB8}.AppStore|x86.Build.0 = Release|x86
		{43A64A21-F9BE-4E5C-881F-69D1E41ADAB8}.AppStore|x86.Deploy.0 = Release|x86
		{43A64A21-F9BE-4E5C-881F-69D1E41ADAB8}.Debug|Any CPU.ActiveCfg = Debug|x86
		{43A64A21-F9BE-4E5C-881F-69D1E41ADAB8}.Debug|ARM.ActiveCfg = Debug|ARM
		{43A64A21-F9BE-4E5C-881F-69D1E41ADAB8}.Debug|ARM.Build.0 = Debug|ARM
		{43A64A21-F9BE-4E5C-881F-69D1E41ADAB8}.Debug|ARM.Deploy.0 = Debug|ARM
		{43A64A21-F9BE-4E5C-881F-69D1E41ADAB8}.Debug|iPhone.ActiveCfg = Debug|x86
		{43A64A21-F9BE-4E5C-881F-69D1E41ADAB8}.Debug|iPhoneSimulator.ActiveCfg = Debug|x86
		{43A64A21-F9BE-4E5C-881F-69D1E41ADAB8}.Debug|x64.ActiveCfg = Debug|x64
		{43A64A21-F9BE-4E5C-881F-69D1E41ADAB8}.Debug|x64.Build.0 = Debug|x64
		{43A64A21-F9BE-4E5C-881F-69D1E41ADAB8}.Debug|x64.Deploy.0 = Debug|x64
		{43A64A21-F9BE-4E5C-881F-69D1E41ADAB8}.Debug|x86.ActiveCfg = Debug|x86
		{43A64A21-F9BE-4E5C-881F-69D1E41ADAB8}.Debug|x86.Build.0 = Debug|x86
		{43A64A21-F9BE-4E5C-881F-69D1E41ADAB8}.Debug|x86.Deploy.0 = Debug|x86
		{43A64A21-F9BE-4E5C-881F-69D1E41ADAB8}.Release|Any CPU.ActiveCfg = Release|x86
		{43A64A21-F9BE-4E5C-881F-69D1E41ADAB8}.Release|ARM.ActiveCfg = Release|ARM
		{43A64A21-F9BE-4E5C-881F-69D1E41ADAB8}.Release|ARM.Build.0 = Release|ARM
		{43A64A21-F9BE-4E5C-881F-69D1E41ADAB8}.Release|ARM.Deploy.0 = Release|ARM
		{43A64A21-F9BE-4E5C-881F-69D1E41ADAB8}.Release|iPhone.ActiveCfg = Release|x86
		{43A64A21-F9BE-4E5C-881F-69D1E41ADAB8}.Release|iPhoneSimulator.ActiveCfg = Release|x86
		{43A64A21-F9BE-4E5C-881F-69D1E41ADAB8}.Release|x64.ActiveCfg = Release|x64
		{43A64A21-F9BE-4E5C-881F-69D1E41ADAB8}.Release|x64.Build.0 = Release|x64
		{43A64A21-F9BE-4E5C-881F-69D1E41ADAB8}.Release|x64.Deploy.0 = Release|x64
		{43A64A21-F9BE-4E5C-881F-69D1E41ADAB8}.Release|x86.ActiveCfg = Release|x86
		{43A64A21-F9BE-4E5C-881F-69D1E41ADAB8}.Release|x86.Build.0 = Release|x86
		{43A64A21-F9BE-4E5C-881F-69D1E41ADAB8}.Release|x86.Deploy.0 = Release|x86
		{196A9B35-29E8-4E43-939C-9B5E8DE01D79}.Ad-Hoc|Any CPU.ActiveCfg = Release|Any CPU
		{196A9B35-29E8-4E43-939C-9B5E8DE01D79}.Ad-Hoc|Any CPU.Build.0 = Release|Any CPU
		{196A9B35-29E8-4E43-939C-9B5E8DE01D79}.Ad-Hoc|ARM.ActiveCfg = Release|Any CPU
		{196A9B35-29E8-4E43-939C-9B5E8DE01D79}.Ad-Hoc|ARM.Build.0 = Release|Any CPU
		{196A9B35-29E8-4E43-939C-9B5E8DE01D79}.Ad-Hoc|iPhone.ActiveCfg = Release|Any CPU
		{196A9B35-29E8-4E43-939C-9B5E8DE01D79}.Ad-Hoc|iPhone.Build.0 = Release|Any CPU
		{196A9B35-29E8-4E43-939C-9B5E8DE01D79}.Ad-Hoc|iPhoneSimulator.ActiveCfg = Release|Any CPU
		{196A9B35-29E8-4E43-939C-9B5E8DE01D79}.Ad-Hoc|iPhoneSimulator.Build.0 = Release|Any CPU
		{196A9B35-29E8-4E43-939C-9B5E8DE01D79}.Ad-Hoc|x64.ActiveCfg = Release|Any CPU
		{196A9B35-29E8-4E43-939C-9B5E8DE01D79}.Ad-Hoc|x64.Build.0 = Release|Any CPU
		{196A9B35-29E8-4E43-939C-9B5E8DE01D79}.Ad-Hoc|x86.ActiveCfg = Release|Any CPU
		{196A9B35-29E8-4E43-939C-9B5E8DE01D79}.Ad-Hoc|x86.Build.0 = Release|Any CPU
		{196A9B35-29E8-4E43-939C-9B5E8DE01D79}.AppStore|Any CPU.ActiveCfg = Release|Any CPU
		{196A9B35-29E8-4E43-939C-9B5E8DE01D79}.AppStore|Any CPU.Build.0 = Release|Any CPU
		{196A9B35-29E8-4E43-939C-9B5E8DE01D79}.AppStore|ARM.ActiveCfg = Release|Any CPU
		{196A9B35-29E8-4E43-939C-9B5E8DE01D79}.AppStore|ARM.Build.0 = Release|Any CPU
		{196A9B35-29E8-4E43-939C-9B5E8DE01D79}.AppStore|iPhone.ActiveCfg = Release|Any CPU
		{196A9B35-29E8-4E43-939C-9B5E8DE01D79}.AppStore|iPhone.Build.0 = Release|Any CPU
		{196A9B35-29E8-4E43-939C-9B5E8DE01D79}.AppStore|iPhoneSimulator.ActiveCfg = Release|Any CPU
		{196A9B35-29E8-4E43-939C-9B5E8DE01D79}.AppStore|iPhoneSimulator.Build.0 = Release|Any CPU
		{196A9B35-29E8-4E43-939C-9B5E8DE01D79}.AppStore|x64.ActiveCfg = Release|Any CPU
		{196A9B35-29E8-4E43-939C-9B5E8DE01D79}.AppStore|x64.Build.0 = Release|Any CPU
		{196A9B35-29E8-4E43-939C-9B5E8DE01D79}.AppStore|x86.ActiveCfg = Release|Any CPU
		{196A9B35-29E8-4E43-939C-9B5E8DE01D79}.AppStore|x86.Build.0 = Release|Any CPU
		{196A9B35-29E8-4E43-939C-9B5E8DE01D79}.Debug|Any CPU.ActiveCfg = Debug|Any CPU
		{196A9B35-29E8-4E43-939C-9B5E8DE01D79}.Debug|Any CPU.Build.0 = Debug|Any CPU
		{196A9B35-29E8-4E43-939C-9B5E8DE01D79}.Debug|ARM.ActiveCfg = Debug|Any CPU
		{196A9B35-29E8-4E43-939C-9B5E8DE01D79}.Debug|ARM.Build.0 = Debug|Any CPU
		{196A9B35-29E8-4E43-939C-9B5E8DE01D79}.Debug|iPhone.ActiveCfg = Debug|Any CPU
		{196A9B35-29E8-4E43-939C-9B5E8DE01D79}.Debug|iPhone.Build.0 = Debug|Any CPU
		{196A9B35-29E8-4E43-939C-9B5E8DE01D79}.Debug|iPhoneSimulator.ActiveCfg = Debug|Any CPU
		{196A9B35-29E8-4E43-939C-9B5E8DE01D79}.Debug|iPhoneSimulator.Build.0 = Debug|Any CPU
		{196A9B35-29E8-4E43-939C-9B5E8DE01D79}.Debug|x64.ActiveCfg = Debug|Any CPU
		{196A9B35-29E8-4E43-939C-9B5E8DE01D79}.Debug|x64.Build.0 = Debug|Any CPU
		{196A9B35-29E8-4E43-939C-9B5E8DE01D79}.Debug|x86.ActiveCfg = Debug|Any CPU
		{196A9B35-29E8-4E43-939C-9B5E8DE01D79}.Debug|x86.Build.0 = Debug|Any CPU
		{196A9B35-29E8-4E43-939C-9B5E8DE01D79}.Release|Any CPU.ActiveCfg = Release|Any CPU
		{196A9B35-29E8-4E43-939C-9B5E8DE01D79}.Release|Any CPU.Build.0 = Release|Any CPU
		{196A9B35-29E8-4E43-939C-9B5E8DE01D79}.Release|ARM.ActiveCfg = Release|Any CPU
		{196A9B35-29E8-4E43-939C-9B5E8DE01D79}.Release|ARM.Build.0 = Release|Any CPU
		{196A9B35-29E8-4E43-939C-9B5E8DE01D79}.Release|iPhone.ActiveCfg = Release|Any CPU
		{196A9B35-29E8-4E43-939C-9B5E8DE01D79}.Release|iPhone.Build.0 = Release|Any CPU
		{196A9B35-29E8-4E43-939C-9B5E8DE01D79}.Release|iPhoneSimulator.ActiveCfg = Release|Any CPU
		{196A9B35-29E8-4E43-939C-9B5E8DE01D79}.Release|iPhoneSimulator.Build.0 = Release|Any CPU
		{196A9B35-29E8-4E43-939C-9B5E8DE01D79}.Release|x64.ActiveCfg = Release|Any CPU
		{196A9B35-29E8-4E43-939C-9B5E8DE01D79}.Release|x64.Build.0 = Release|Any CPU
		{196A9B35-29E8-4E43-939C-9B5E8DE01D79}.Release|x86.ActiveCfg = Release|Any CPU
		{196A9B35-29E8-4E43-939C-9B5E8DE01D79}.Release|x86.Build.0 = Release|Any CPU
		{ED4BC787-E909-49E3-8053-7CC5262E2B8B}.Ad-Hoc|Any CPU.ActiveCfg = Release|Any CPU
		{ED4BC787-E909-49E3-8053-7CC5262E2B8B}.Ad-Hoc|Any CPU.Build.0 = Release|Any CPU
		{ED4BC787-E909-49E3-8053-7CC5262E2B8B}.Ad-Hoc|ARM.ActiveCfg = Release|Any CPU
		{ED4BC787-E909-49E3-8053-7CC5262E2B8B}.Ad-Hoc|ARM.Build.0 = Release|Any CPU
		{ED4BC787-E909-49E3-8053-7CC5262E2B8B}.Ad-Hoc|iPhone.ActiveCfg = Release|Any CPU
		{ED4BC787-E909-49E3-8053-7CC5262E2B8B}.Ad-Hoc|iPhone.Build.0 = Release|Any CPU
		{ED4BC787-E909-49E3-8053-7CC5262E2B8B}.Ad-Hoc|iPhoneSimulator.ActiveCfg = Release|Any CPU
		{ED4BC787-E909-49E3-8053-7CC5262E2B8B}.Ad-Hoc|iPhoneSimulator.Build.0 = Release|Any CPU
		{ED4BC787-E909-49E3-8053-7CC5262E2B8B}.Ad-Hoc|x64.ActiveCfg = Release|Any CPU
		{ED4BC787-E909-49E3-8053-7CC5262E2B8B}.Ad-Hoc|x64.Build.0 = Release|Any CPU
		{ED4BC787-E909-49E3-8053-7CC5262E2B8B}.Ad-Hoc|x86.ActiveCfg = Release|Any CPU
		{ED4BC787-E909-49E3-8053-7CC5262E2B8B}.Ad-Hoc|x86.Build.0 = Release|Any CPU
		{ED4BC787-E909-49E3-8053-7CC5262E2B8B}.AppStore|Any CPU.ActiveCfg = Release|Any CPU
		{ED4BC787-E909-49E3-8053-7CC5262E2B8B}.AppStore|Any CPU.Build.0 = Release|Any CPU
		{ED4BC787-E909-49E3-8053-7CC5262E2B8B}.AppStore|ARM.ActiveCfg = Release|Any CPU
		{ED4BC787-E909-49E3-8053-7CC5262E2B8B}.AppStore|ARM.Build.0 = Release|Any CPU
		{ED4BC787-E909-49E3-8053-7CC5262E2B8B}.AppStore|iPhone.ActiveCfg = Release|Any CPU
		{ED4BC787-E909-49E3-8053-7CC5262E2B8B}.AppStore|iPhone.Build.0 = Release|Any CPU
		{ED4BC787-E909-49E3-8053-7CC5262E2B8B}.AppStore|iPhoneSimulator.ActiveCfg = Release|Any CPU
		{ED4BC787-E909-49E3-8053-7CC5262E2B8B}.AppStore|iPhoneSimulator.Build.0 = Release|Any CPU
		{ED4BC787-E909-49E3-8053-7CC5262E2B8B}.AppStore|x64.ActiveCfg = Release|Any CPU
		{ED4BC787-E909-49E3-8053-7CC5262E2B8B}.AppStore|x64.Build.0 = Release|Any CPU
		{ED4BC787-E909-49E3-8053-7CC5262E2B8B}.AppStore|x86.ActiveCfg = Release|Any CPU
		{ED4BC787-E909-49E3-8053-7CC5262E2B8B}.AppStore|x86.Build.0 = Release|Any CPU
		{ED4BC787-E909-49E3-8053-7CC5262E2B8B}.Debug|Any CPU.ActiveCfg = Debug|Any CPU
		{ED4BC787-E909-49E3-8053-7CC5262E2B8B}.Debug|Any CPU.Build.0 = Debug|Any CPU
		{ED4BC787-E909-49E3-8053-7CC5262E2B8B}.Debug|ARM.ActiveCfg = Debug|Any CPU
		{ED4BC787-E909-49E3-8053-7CC5262E2B8B}.Debug|ARM.Build.0 = Debug|Any CPU
		{ED4BC787-E909-49E3-8053-7CC5262E2B8B}.Debug|iPhone.ActiveCfg = Debug|Any CPU
		{ED4BC787-E909-49E3-8053-7CC5262E2B8B}.Debug|iPhone.Build.0 = Debug|Any CPU
		{ED4BC787-E909-49E3-8053-7CC5262E2B8B}.Debug|iPhoneSimulator.ActiveCfg = Debug|Any CPU
		{ED4BC787-E909-49E3-8053-7CC5262E2B8B}.Debug|iPhoneSimulator.Build.0 = Debug|Any CPU
		{ED4BC787-E909-49E3-8053-7CC5262E2B8B}.Debug|x64.ActiveCfg = Debug|Any CPU
		{ED4BC787-E909-49E3-8053-7CC5262E2B8B}.Debug|x64.Build.0 = Debug|Any CPU
		{ED4BC787-E909-49E3-8053-7CC5262E2B8B}.Debug|x86.ActiveCfg = Debug|Any CPU
		{ED4BC787-E909-49E3-8053-7CC5262E2B8B}.Debug|x86.Build.0 = Debug|Any CPU
		{ED4BC787-E909-49E3-8053-7CC5262E2B8B}.Release|Any CPU.ActiveCfg = Release|Any CPU
		{ED4BC787-E909-49E3-8053-7CC5262E2B8B}.Release|Any CPU.Build.0 = Release|Any CPU
		{ED4BC787-E909-49E3-8053-7CC5262E2B8B}.Release|ARM.ActiveCfg = Release|Any CPU
		{ED4BC787-E909-49E3-8053-7CC5262E2B8B}.Release|ARM.Build.0 = Release|Any CPU
		{ED4BC787-E909-49E3-8053-7CC5262E2B8B}.Release|iPhone.ActiveCfg = Release|Any CPU
		{ED4BC787-E909-49E3-8053-7CC5262E2B8B}.Release|iPhone.Build.0 = Release|Any CPU
		{ED4BC787-E909-49E3-8053-7CC5262E2B8B}.Release|iPhoneSimulator.ActiveCfg = Release|Any CPU
		{ED4BC787-E909-49E3-8053-7CC5262E2B8B}.Release|iPhoneSimulator.Build.0 = Release|Any CPU
		{ED4BC787-E909-49E3-8053-7CC5262E2B8B}.Release|x64.ActiveCfg = Release|Any CPU
		{ED4BC787-E909-49E3-8053-7CC5262E2B8B}.Release|x64.Build.0 = Release|Any CPU
		{ED4BC787-E909-49E3-8053-7CC5262E2B8B}.Release|x86.ActiveCfg = Release|Any CPU
		{ED4BC787-E909-49E3-8053-7CC5262E2B8B}.Release|x86.Build.0 = Release|Any CPU
		{696940B0-0661-4CDD-9A48-4FE5606F0333}.Ad-Hoc|Any CPU.ActiveCfg = Release|Any CPU
		{696940B0-0661-4CDD-9A48-4FE5606F0333}.Ad-Hoc|Any CPU.Build.0 = Release|Any CPU
		{696940B0-0661-4CDD-9A48-4FE5606F0333}.Ad-Hoc|ARM.ActiveCfg = Release|Any CPU
		{696940B0-0661-4CDD-9A48-4FE5606F0333}.Ad-Hoc|ARM.Build.0 = Release|Any CPU
		{696940B0-0661-4CDD-9A48-4FE5606F0333}.Ad-Hoc|iPhone.ActiveCfg = Release|Any CPU
		{696940B0-0661-4CDD-9A48-4FE5606F0333}.Ad-Hoc|iPhone.Build.0 = Release|Any CPU
		{696940B0-0661-4CDD-9A48-4FE5606F0333}.Ad-Hoc|iPhoneSimulator.ActiveCfg = Release|Any CPU
		{696940B0-0661-4CDD-9A48-4FE5606F0333}.Ad-Hoc|iPhoneSimulator.Build.0 = Release|Any CPU
		{696940B0-0661-4CDD-9A48-4FE5606F0333}.Ad-Hoc|x64.ActiveCfg = Release|Any CPU
		{696940B0-0661-4CDD-9A48-4FE5606F0333}.Ad-Hoc|x64.Build.0 = Release|Any CPU
		{696940B0-0661-4CDD-9A48-4FE5606F0333}.Ad-Hoc|x86.ActiveCfg = Release|Any CPU
		{696940B0-0661-4CDD-9A48-4FE5606F0333}.Ad-Hoc|x86.Build.0 = Release|Any CPU
		{696940B0-0661-4CDD-9A48-4FE5606F0333}.AppStore|Any CPU.ActiveCfg = Release|Any CPU
		{696940B0-0661-4CDD-9A48-4FE5606F0333}.AppStore|Any CPU.Build.0 = Release|Any CPU
		{696940B0-0661-4CDD-9A48-4FE5606F0333}.AppStore|ARM.ActiveCfg = Release|Any CPU
		{696940B0-0661-4CDD-9A48-4FE5606F0333}.AppStore|ARM.Build.0 = Release|Any CPU
		{696940B0-0661-4CDD-9A48-4FE5606F0333}.AppStore|iPhone.ActiveCfg = Release|Any CPU
		{696940B0-0661-4CDD-9A48-4FE5606F0333}.AppStore|iPhone.Build.0 = Release|Any CPU
		{696940B0-0661-4CDD-9A48-4FE5606F0333}.AppStore|iPhoneSimulator.ActiveCfg = Release|Any CPU
		{696940B0-0661-4CDD-9A48-4FE5606F0333}.AppStore|iPhoneSimulator.Build.0 = Release|Any CPU
		{696940B0-0661-4CDD-9A48-4FE5606F0333}.AppStore|x64.ActiveCfg = Release|Any CPU
		{696940B0-0661-4CDD-9A48-4FE5606F0333}.AppStore|x64.Build.0 = Release|Any CPU
		{696940B0-0661-4CDD-9A48-4FE5606F0333}.AppStore|x86.ActiveCfg = Release|Any CPU
		{696940B0-0661-4CDD-9A48-4FE5606F0333}.AppStore|x86.Build.0 = Release|Any CPU
		{696940B0-0661-4CDD-9A48-4FE5606F0333}.Debug|Any CPU.ActiveCfg = Debug|Any CPU
		{696940B0-0661-4CDD-9A48-4FE5606F0333}.Debug|Any CPU.Build.0 = Debug|Any CPU
		{696940B0-0661-4CDD-9A48-4FE5606F0333}.Debug|ARM.ActiveCfg = Debug|Any CPU
		{696940B0-0661-4CDD-9A48-4FE5606F0333}.Debug|ARM.Build.0 = Debug|Any CPU
		{696940B0-0661-4CDD-9A48-4FE5606F0333}.Debug|iPhone.ActiveCfg = Debug|Any CPU
		{696940B0-0661-4CDD-9A48-4FE5606F0333}.Debug|iPhone.Build.0 = Debug|Any CPU
		{696940B0-0661-4CDD-9A48-4FE5606F0333}.Debug|iPhoneSimulator.ActiveCfg = Debug|Any CPU
		{696940B0-0661-4CDD-9A48-4FE5606F0333}.Debug|iPhoneSimulator.Build.0 = Debug|Any CPU
		{696940B0-0661-4CDD-9A48-4FE5606F0333}.Debug|x64.ActiveCfg = Debug|Any CPU
		{696940B0-0661-4CDD-9A48-4FE5606F0333}.Debug|x64.Build.0 = Debug|Any CPU
		{696940B0-0661-4CDD-9A48-4FE5606F0333}.Debug|x86.ActiveCfg = Debug|Any CPU
		{696940B0-0661-4CDD-9A48-4FE5606F0333}.Debug|x86.Build.0 = Debug|Any CPU
		{696940B0-0661-4CDD-9A48-4FE5606F0333}.Release|Any CPU.ActiveCfg = Release|Any CPU
		{696940B0-0661-4CDD-9A48-4FE5606F0333}.Release|Any CPU.Build.0 = Release|Any CPU
		{696940B0-0661-4CDD-9A48-4FE5606F0333}.Release|ARM.ActiveCfg = Release|Any CPU
		{696940B0-0661-4CDD-9A48-4FE5606F0333}.Release|ARM.Build.0 = Release|Any CPU
		{696940B0-0661-4CDD-9A48-4FE5606F0333}.Release|iPhone.ActiveCfg = Release|Any CPU
		{696940B0-0661-4CDD-9A48-4FE5606F0333}.Release|iPhone.Build.0 = Release|Any CPU
		{696940B0-0661-4CDD-9A48-4FE5606F0333}.Release|iPhoneSimulator.ActiveCfg = Release|Any CPU
		{696940B0-0661-4CDD-9A48-4FE5606F0333}.Release|iPhoneSimulator.Build.0 = Release|Any CPU
		{696940B0-0661-4CDD-9A48-4FE5606F0333}.Release|x64.ActiveCfg = Release|Any CPU
		{696940B0-0661-4CDD-9A48-4FE5606F0333}.Release|x64.Build.0 = Release|Any CPU
		{696940B0-0661-4CDD-9A48-4FE5606F0333}.Release|x86.ActiveCfg = Release|Any CPU
		{696940B0-0661-4CDD-9A48-4FE5606F0333}.Release|x86.Build.0 = Release|Any CPU
		{CE294A3D-6486-4165-B39E-A3052C205272}.Ad-Hoc|Any CPU.ActiveCfg = Release|Any CPU
		{CE294A3D-6486-4165-B39E-A3052C205272}.Ad-Hoc|Any CPU.Build.0 = Release|Any CPU
		{CE294A3D-6486-4165-B39E-A3052C205272}.Ad-Hoc|ARM.ActiveCfg = Release|Any CPU
		{CE294A3D-6486-4165-B39E-A3052C205272}.Ad-Hoc|ARM.Build.0 = Release|Any CPU
		{CE294A3D-6486-4165-B39E-A3052C205272}.Ad-Hoc|iPhone.ActiveCfg = Release|Any CPU
		{CE294A3D-6486-4165-B39E-A3052C205272}.Ad-Hoc|iPhone.Build.0 = Release|Any CPU
		{CE294A3D-6486-4165-B39E-A3052C205272}.Ad-Hoc|iPhoneSimulator.ActiveCfg = Release|Any CPU
		{CE294A3D-6486-4165-B39E-A3052C205272}.Ad-Hoc|iPhoneSimulator.Build.0 = Release|Any CPU
		{CE294A3D-6486-4165-B39E-A3052C205272}.Ad-Hoc|x64.ActiveCfg = Release|Any CPU
		{CE294A3D-6486-4165-B39E-A3052C205272}.Ad-Hoc|x64.Build.0 = Release|Any CPU
		{CE294A3D-6486-4165-B39E-A3052C205272}.Ad-Hoc|x86.ActiveCfg = Release|Any CPU
		{CE294A3D-6486-4165-B39E-A3052C205272}.Ad-Hoc|x86.Build.0 = Release|Any CPU
		{CE294A3D-6486-4165-B39E-A3052C205272}.AppStore|Any CPU.ActiveCfg = Release|Any CPU
		{CE294A3D-6486-4165-B39E-A3052C205272}.AppStore|Any CPU.Build.0 = Release|Any CPU
		{CE294A3D-6486-4165-B39E-A3052C205272}.AppStore|ARM.ActiveCfg = Release|Any CPU
		{CE294A3D-6486-4165-B39E-A3052C205272}.AppStore|ARM.Build.0 = Release|Any CPU
		{CE294A3D-6486-4165-B39E-A3052C205272}.AppStore|iPhone.ActiveCfg = Release|Any CPU
		{CE294A3D-6486-4165-B39E-A3052C205272}.AppStore|iPhone.Build.0 = Release|Any CPU
		{CE294A3D-6486-4165-B39E-A3052C205272}.AppStore|iPhoneSimulator.ActiveCfg = Release|Any CPU
		{CE294A3D-6486-4165-B39E-A3052C205272}.AppStore|iPhoneSimulator.Build.0 = Release|Any CPU
		{CE294A3D-6486-4165-B39E-A3052C205272}.AppStore|x64.ActiveCfg = Release|Any CPU
		{CE294A3D-6486-4165-B39E-A3052C205272}.AppStore|x64.Build.0 = Release|Any CPU
		{CE294A3D-6486-4165-B39E-A3052C205272}.AppStore|x86.ActiveCfg = Release|Any CPU
		{CE294A3D-6486-4165-B39E-A3052C205272}.AppStore|x86.Build.0 = Release|Any CPU
		{CE294A3D-6486-4165-B39E-A3052C205272}.Debug|Any CPU.ActiveCfg = Debug|Any CPU
		{CE294A3D-6486-4165-B39E-A3052C205272}.Debug|Any CPU.Build.0 = Debug|Any CPU
		{CE294A3D-6486-4165-B39E-A3052C205272}.Debug|ARM.ActiveCfg = Debug|Any CPU
		{CE294A3D-6486-4165-B39E-A3052C205272}.Debug|ARM.Build.0 = Debug|Any CPU
		{CE294A3D-6486-4165-B39E-A3052C205272}.Debug|iPhone.ActiveCfg = Debug|Any CPU
		{CE294A3D-6486-4165-B39E-A3052C205272}.Debug|iPhone.Build.0 = Debug|Any CPU
		{CE294A3D-6486-4165-B39E-A3052C205272}.Debug|iPhoneSimulator.ActiveCfg = Debug|Any CPU
		{CE294A3D-6486-4165-B39E-A3052C205272}.Debug|iPhoneSimulator.Build.0 = Debug|Any CPU
		{CE294A3D-6486-4165-B39E-A3052C205272}.Debug|x64.ActiveCfg = Debug|Any CPU
		{CE294A3D-6486-4165-B39E-A3052C205272}.Debug|x64.Build.0 = Debug|Any CPU
		{CE294A3D-6486-4165-B39E-A3052C205272}.Debug|x86.ActiveCfg = Debug|Any CPU
		{CE294A3D-6486-4165-B39E-A3052C205272}.Debug|x86.Build.0 = Debug|Any CPU
		{CE294A3D-6486-4165-B39E-A3052C205272}.Release|Any CPU.ActiveCfg = Release|Any CPU
		{CE294A3D-6486-4165-B39E-A3052C205272}.Release|Any CPU.Build.0 = Release|Any CPU
		{CE294A3D-6486-4165-B39E-A3052C205272}.Release|ARM.ActiveCfg = Release|Any CPU
		{CE294A3D-6486-4165-B39E-A3052C205272}.Release|ARM.Build.0 = Release|Any CPU
		{CE294A3D-6486-4165-B39E-A3052C205272}.Release|iPhone.ActiveCfg = Release|Any CPU
		{CE294A3D-6486-4165-B39E-A3052C205272}.Release|iPhone.Build.0 = Release|Any CPU
		{CE294A3D-6486-4165-B39E-A3052C205272}.Release|iPhoneSimulator.ActiveCfg = Release|Any CPU
		{CE294A3D-6486-4165-B39E-A3052C205272}.Release|iPhoneSimulator.Build.0 = Release|Any CPU
		{CE294A3D-6486-4165-B39E-A3052C205272}.Release|x64.ActiveCfg = Release|Any CPU
		{CE294A3D-6486-4165-B39E-A3052C205272}.Release|x64.Build.0 = Release|Any CPU
		{CE294A3D-6486-4165-B39E-A3052C205272}.Release|x86.ActiveCfg = Release|Any CPU
		{CE294A3D-6486-4165-B39E-A3052C205272}.Release|x86.Build.0 = Release|Any CPU
		{16A4DE6C-AD19-418A-8787-52A068998C0C}.Ad-Hoc|Any CPU.ActiveCfg = Release|Any CPU
		{16A4DE6C-AD19-418A-8787-52A068998C0C}.Ad-Hoc|Any CPU.Build.0 = Release|Any CPU
		{16A4DE6C-AD19-418A-8787-52A068998C0C}.Ad-Hoc|ARM.ActiveCfg = Release|Any CPU
		{16A4DE6C-AD19-418A-8787-52A068998C0C}.Ad-Hoc|ARM.Build.0 = Release|Any CPU
		{16A4DE6C-AD19-418A-8787-52A068998C0C}.Ad-Hoc|iPhone.ActiveCfg = Release|Any CPU
		{16A4DE6C-AD19-418A-8787-52A068998C0C}.Ad-Hoc|iPhone.Build.0 = Release|Any CPU
		{16A4DE6C-AD19-418A-8787-52A068998C0C}.Ad-Hoc|iPhoneSimulator.ActiveCfg = Release|Any CPU
		{16A4DE6C-AD19-418A-8787-52A068998C0C}.Ad-Hoc|iPhoneSimulator.Build.0 = Release|Any CPU
		{16A4DE6C-AD19-418A-8787-52A068998C0C}.Ad-Hoc|x64.ActiveCfg = Release|Any CPU
		{16A4DE6C-AD19-418A-8787-52A068998C0C}.Ad-Hoc|x64.Build.0 = Release|Any CPU
		{16A4DE6C-AD19-418A-8787-52A068998C0C}.Ad-Hoc|x86.ActiveCfg = Release|Any CPU
		{16A4DE6C-AD19-418A-8787-52A068998C0C}.Ad-Hoc|x86.Build.0 = Release|Any CPU
		{16A4DE6C-AD19-418A-8787-52A068998C0C}.AppStore|Any CPU.ActiveCfg = Release|Any CPU
		{16A4DE6C-AD19-418A-8787-52A068998C0C}.AppStore|Any CPU.Build.0 = Release|Any CPU
		{16A4DE6C-AD19-418A-8787-52A068998C0C}.AppStore|ARM.ActiveCfg = Release|Any CPU
		{16A4DE6C-AD19-418A-8787-52A068998C0C}.AppStore|ARM.Build.0 = Release|Any CPU
		{16A4DE6C-AD19-418A-8787-52A068998C0C}.AppStore|iPhone.ActiveCfg = Release|Any CPU
		{16A4DE6C-AD19-418A-8787-52A068998C0C}.AppStore|iPhone.Build.0 = Release|Any CPU
		{16A4DE6C-AD19-418A-8787-52A068998C0C}.AppStore|iPhoneSimulator.ActiveCfg = Release|Any CPU
		{16A4DE6C-AD19-418A-8787-52A068998C0C}.AppStore|iPhoneSimulator.Build.0 = Release|Any CPU
		{16A4DE6C-AD19-418A-8787-52A068998C0C}.AppStore|x64.ActiveCfg = Release|Any CPU
		{16A4DE6C-AD19-418A-8787-52A068998C0C}.AppStore|x64.Build.0 = Release|Any CPU
		{16A4DE6C-AD19-418A-8787-52A068998C0C}.AppStore|x86.ActiveCfg = Release|Any CPU
		{16A4DE6C-AD19-418A-8787-52A068998C0C}.AppStore|x86.Build.0 = Release|Any CPU
		{16A4DE6C-AD19-418A-8787-52A068998C0C}.Debug|Any CPU.ActiveCfg = Debug|Any CPU
		{16A4DE6C-AD19-418A-8787-52A068998C0C}.Debug|Any CPU.Build.0 = Debug|Any CPU
		{16A4DE6C-AD19-418A-8787-52A068998C0C}.Debug|ARM.ActiveCfg = Debug|Any CPU
		{16A4DE6C-AD19-418A-8787-52A068998C0C}.Debug|ARM.Build.0 = Debug|Any CPU
		{16A4DE6C-AD19-418A-8787-52A068998C0C}.Debug|iPhone.ActiveCfg = Debug|Any CPU
		{16A4DE6C-AD19-418A-8787-52A068998C0C}.Debug|iPhone.Build.0 = Debug|Any CPU
		{16A4DE6C-AD19-418A-8787-52A068998C0C}.Debug|iPhoneSimulator.ActiveCfg = Debug|Any CPU
		{16A4DE6C-AD19-418A-8787-52A068998C0C}.Debug|iPhoneSimulator.Build.0 = Debug|Any CPU
		{16A4DE6C-AD19-418A-8787-52A068998C0C}.Debug|x64.ActiveCfg = Debug|Any CPU
		{16A4DE6C-AD19-418A-8787-52A068998C0C}.Debug|x64.Build.0 = Debug|Any CPU
		{16A4DE6C-AD19-418A-8787-52A068998C0C}.Debug|x86.ActiveCfg = Debug|Any CPU
		{16A4DE6C-AD19-418A-8787-52A068998C0C}.Debug|x86.Build.0 = Debug|Any CPU
		{16A4DE6C-AD19-418A-8787-52A068998C0C}.Release|Any CPU.ActiveCfg = Release|Any CPU
		{16A4DE6C-AD19-418A-8787-52A068998C0C}.Release|Any CPU.Build.0 = Release|Any CPU
		{16A4DE6C-AD19-418A-8787-52A068998C0C}.Release|ARM.ActiveCfg = Release|Any CPU
		{16A4DE6C-AD19-418A-8787-52A068998C0C}.Release|ARM.Build.0 = Release|Any CPU
		{16A4DE6C-AD19-418A-8787-52A068998C0C}.Release|iPhone.ActiveCfg = Release|Any CPU
		{16A4DE6C-AD19-418A-8787-52A068998C0C}.Release|iPhone.Build.0 = Release|Any CPU
		{16A4DE6C-AD19-418A-8787-52A068998C0C}.Release|iPhoneSimulator.ActiveCfg = Release|Any CPU
		{16A4DE6C-AD19-418A-8787-52A068998C0C}.Release|iPhoneSimulator.Build.0 = Release|Any CPU
		{16A4DE6C-AD19-418A-8787-52A068998C0C}.Release|x64.ActiveCfg = Release|Any CPU
		{16A4DE6C-AD19-418A-8787-52A068998C0C}.Release|x64.Build.0 = Release|Any CPU
		{16A4DE6C-AD19-418A-8787-52A068998C0C}.Release|x86.ActiveCfg = Release|Any CPU
		{16A4DE6C-AD19-418A-8787-52A068998C0C}.Release|x86.Build.0 = Release|Any CPU
		{CD3B26D1-3C01-4D07-80A8-477FF34FC04F}.Ad-Hoc|Any CPU.ActiveCfg = Release|Any CPU
		{CD3B26D1-3C01-4D07-80A8-477FF34FC04F}.Ad-Hoc|Any CPU.Build.0 = Release|Any CPU
		{CD3B26D1-3C01-4D07-80A8-477FF34FC04F}.Ad-Hoc|ARM.ActiveCfg = Release|Any CPU
		{CD3B26D1-3C01-4D07-80A8-477FF34FC04F}.Ad-Hoc|ARM.Build.0 = Release|Any CPU
		{CD3B26D1-3C01-4D07-80A8-477FF34FC04F}.Ad-Hoc|iPhone.ActiveCfg = Release|Any CPU
		{CD3B26D1-3C01-4D07-80A8-477FF34FC04F}.Ad-Hoc|iPhone.Build.0 = Release|Any CPU
		{CD3B26D1-3C01-4D07-80A8-477FF34FC04F}.Ad-Hoc|iPhoneSimulator.ActiveCfg = Release|Any CPU
		{CD3B26D1-3C01-4D07-80A8-477FF34FC04F}.Ad-Hoc|iPhoneSimulator.Build.0 = Release|Any CPU
		{CD3B26D1-3C01-4D07-80A8-477FF34FC04F}.Ad-Hoc|x64.ActiveCfg = Release|Any CPU
		{CD3B26D1-3C01-4D07-80A8-477FF34FC04F}.Ad-Hoc|x64.Build.0 = Release|Any CPU
		{CD3B26D1-3C01-4D07-80A8-477FF34FC04F}.Ad-Hoc|x86.ActiveCfg = Release|Any CPU
		{CD3B26D1-3C01-4D07-80A8-477FF34FC04F}.Ad-Hoc|x86.Build.0 = Release|Any CPU
		{CD3B26D1-3C01-4D07-80A8-477FF34FC04F}.AppStore|Any CPU.ActiveCfg = Release|Any CPU
		{CD3B26D1-3C01-4D07-80A8-477FF34FC04F}.AppStore|Any CPU.Build.0 = Release|Any CPU
		{CD3B26D1-3C01-4D07-80A8-477FF34FC04F}.AppStore|ARM.ActiveCfg = Release|Any CPU
		{CD3B26D1-3C01-4D07-80A8-477FF34FC04F}.AppStore|ARM.Build.0 = Release|Any CPU
		{CD3B26D1-3C01-4D07-80A8-477FF34FC04F}.AppStore|iPhone.ActiveCfg = Release|Any CPU
		{CD3B26D1-3C01-4D07-80A8-477FF34FC04F}.AppStore|iPhone.Build.0 = Release|Any CPU
		{CD3B26D1-3C01-4D07-80A8-477FF34FC04F}.AppStore|iPhoneSimulator.ActiveCfg = Release|Any CPU
		{CD3B26D1-3C01-4D07-80A8-477FF34FC04F}.AppStore|iPhoneSimulator.Build.0 = Release|Any CPU
		{CD3B26D1-3C01-4D07-80A8-477FF34FC04F}.AppStore|x64.ActiveCfg = Release|Any CPU
		{CD3B26D1-3C01-4D07-80A8-477FF34FC04F}.AppStore|x64.Build.0 = Release|Any CPU
		{CD3B26D1-3C01-4D07-80A8-477FF34FC04F}.AppStore|x86.ActiveCfg = Release|Any CPU
		{CD3B26D1-3C01-4D07-80A8-477FF34FC04F}.AppStore|x86.Build.0 = Release|Any CPU
		{CD3B26D1-3C01-4D07-80A8-477FF34FC04F}.Debug|Any CPU.ActiveCfg = Debug|Any CPU
		{CD3B26D1-3C01-4D07-80A8-477FF34FC04F}.Debug|Any CPU.Build.0 = Debug|Any CPU
		{CD3B26D1-3C01-4D07-80A8-477FF34FC04F}.Debug|ARM.ActiveCfg = Debug|Any CPU
		{CD3B26D1-3C01-4D07-80A8-477FF34FC04F}.Debug|ARM.Build.0 = Debug|Any CPU
		{CD3B26D1-3C01-4D07-80A8-477FF34FC04F}.Debug|iPhone.ActiveCfg = Debug|Any CPU
		{CD3B26D1-3C01-4D07-80A8-477FF34FC04F}.Debug|iPhone.Build.0 = Debug|Any CPU
		{CD3B26D1-3C01-4D07-80A8-477FF34FC04F}.Debug|iPhoneSimulator.ActiveCfg = Debug|Any CPU
		{CD3B26D1-3C01-4D07-80A8-477FF34FC04F}.Debug|iPhoneSimulator.Build.0 = Debug|Any CPU
		{CD3B26D1-3C01-4D07-80A8-477FF34FC04F}.Debug|x64.ActiveCfg = Debug|Any CPU
		{CD3B26D1-3C01-4D07-80A8-477FF34FC04F}.Debug|x64.Build.0 = Debug|Any CPU
		{CD3B26D1-3C01-4D07-80A8-477FF34FC04F}.Debug|x86.ActiveCfg = Debug|Any CPU
		{CD3B26D1-3C01-4D07-80A8-477FF34FC04F}.Debug|x86.Build.0 = Debug|Any CPU
		{CD3B26D1-3C01-4D07-80A8-477FF34FC04F}.Release|Any CPU.ActiveCfg = Release|Any CPU
		{CD3B26D1-3C01-4D07-80A8-477FF34FC04F}.Release|Any CPU.Build.0 = Release|Any CPU
		{CD3B26D1-3C01-4D07-80A8-477FF34FC04F}.Release|ARM.ActiveCfg = Release|Any CPU
		{CD3B26D1-3C01-4D07-80A8-477FF34FC04F}.Release|ARM.Build.0 = Release|Any CPU
		{CD3B26D1-3C01-4D07-80A8-477FF34FC04F}.Release|iPhone.ActiveCfg = Release|Any CPU
		{CD3B26D1-3C01-4D07-80A8-477FF34FC04F}.Release|iPhone.Build.0 = Release|Any CPU
		{CD3B26D1-3C01-4D07-80A8-477FF34FC04F}.Release|iPhoneSimulator.ActiveCfg = Release|Any CPU
		{CD3B26D1-3C01-4D07-80A8-477FF34FC04F}.Release|iPhoneSimulator.Build.0 = Release|Any CPU
		{CD3B26D1-3C01-4D07-80A8-477FF34FC04F}.Release|x64.ActiveCfg = Release|Any CPU
		{CD3B26D1-3C01-4D07-80A8-477FF34FC04F}.Release|x64.Build.0 = Release|Any CPU
		{CD3B26D1-3C01-4D07-80A8-477FF34FC04F}.Release|x86.ActiveCfg = Release|Any CPU
		{CD3B26D1-3C01-4D07-80A8-477FF34FC04F}.Release|x86.Build.0 = Release|Any CPU
	EndGlobalSection
	GlobalSection(SolutionProperties) = preSolution
		HideSolutionNode = FALSE
	EndGlobalSection
	GlobalSection(NestedProjects) = preSolution
		{38587047-E671-4ACC-8938-587737CA8D16} = {7899A987-D595-4B4F-8A85-6C34071501B0}
		{90CEF083-6EBF-42FB-AA28-DCF4E9CAFD4A} = {7899A987-D595-4B4F-8A85-6C34071501B0}
		{43A64A21-F9BE-4E5C-881F-69D1E41ADAB8} = {7899A987-D595-4B4F-8A85-6C34071501B0}
		{CE294A3D-6486-4165-B39E-A3052C205272} = {EB949F87-9E24-4F77-BF4E-F0F9862C2E54}
		{16A4DE6C-AD19-418A-8787-52A068998C0C} = {EB949F87-9E24-4F77-BF4E-F0F9862C2E54}
		{CD3B26D1-3C01-4D07-80A8-477FF34FC04F} = {EB949F87-9E24-4F77-BF4E-F0F9862C2E54}
	EndGlobalSection
	GlobalSection(ExtensibilityGlobals) = postSolution
		SolutionGuid = {44CBD586-D5E6-4F95-A1E7-23C071F5C859}
	EndGlobalSection
EndGlobal
